
Microsoft Visual Studio Solution File, Format Version 12.00
# Visual Studio Version 16
VisualStudioVersion = 16.0.30114.105
MinimumVisualStudioVersion = 10.0.40219.1
Project("{FAE04EC0-301F-11D3-BF4B-00C04F79EFBC}") = "HockeyStats-Addin", "HockeyStats-Addin\HockeyStats-Addin.csproj", "{9E511940-14C9-4721-9DE0-6F814DBF392C}"
EndProject
Project("{FAE04EC0-301F-11D3-BF4B-00C04F79EFBC}") = "HockeyStats-AddinWeb", "HockeyStats-AddinWeb\HockeyStats-AddinWeb.csproj", "{15BD01AE-9057-4C01-813A-35648D83D9B5}"
EndProject
Global
	GlobalSection(SolutionConfigurationPlatforms) = preSolution
		Debug|Any CPU = Debug|Any CPU
		Release|Any CPU = Release|Any CPU
	EndGlobalSection
	GlobalSection(ProjectConfigurationPlatforms) = postSolution
		{9E511940-14C9-4721-9DE0-6F814DBF392C}.Debug|Any CPU.ActiveCfg = Debug|Any CPU
		{9E511940-14C9-4721-9DE0-6F814DBF392C}.Debug|Any CPU.Build.0 = Debug|Any CPU
		{9E511940-14C9-4721-9DE0-6F814DBF392C}.Debug|Any CPU.Deploy.0 = Debug|Any CPU
		{9E511940-14C9-4721-9DE0-6F814DBF392C}.Release|Any CPU.ActiveCfg = Release|Any CPU
		{9E511940-14C9-4721-9DE0-6F814DBF392C}.Release|Any CPU.Build.0 = Release|Any CPU
		{9E511940-14C9-4721-9DE0-6F814DBF392C}.Release|Any CPU.Deploy.0 = Release|Any CPU
		{15BD01AE-9057-4C01-813A-35648D83D9B5}.Debug|Any CPU.ActiveCfg = Debug|Any CPU
		{15BD01AE-9057-4C01-813A-35648D83D9B5}.Debug|Any CPU.Build.0 = Debug|Any CPU
		{15BD01AE-9057-4C01-813A-35648D83D9B5}.Release|Any CPU.ActiveCfg = Release|Any CPU
		{15BD01AE-9057-4C01-813A-35648D83D9B5}.Release|Any CPU.Build.0 = Release|Any CPU
	EndGlobalSection
	GlobalSection(SolutionProperties) = preSolution
		HideSolutionNode = FALSE
	EndGlobalSection
	GlobalSection(ExtensibilityGlobals) = postSolution
		SolutionGuid = {ECC89C11-D7D3-4BCB-A802-55FE08038B2A}
	EndGlobalSection
EndGlobal
